
Microsoft Visual Studio Solution File, Format Version 12.00
# Visual Studio Version 17
VisualStudioVersion = 17.5.33516.290
MinimumVisualStudioVersion = 10.0.40219.1
Project("{9A19103F-16F7-4668-BE54-9A1E7A4F7556}") = "Youtubeplayer", "Youtubeplayer.csproj", "{22DCB400-5C9F-4CC8-B95F-08A4D321E8BB}"
EndProject
Project("{2150E333-8FDC-42A3-9474-1A3956D46DE8}") = "Solution Items", "Solution Items", "{A112FCD0-EDB5-4126-82D4-C10E89D1789C}"
	ProjectSection(SolutionItems) = preProject
		.editorconfig = .editorconfig
	EndProjectSection
EndProject
Global
	GlobalSection(SolutionConfigurationPlatforms) = preSolution
		Debug|Any CPU = Debug|Any CPU
		Release|Any CPU = Release|Any CPU
	EndGlobalSection
	GlobalSection(ProjectConfigurationPlatforms) = postSolution
		{22DCB400-5C9F-4CC8-B95F-08A4D321E8BB}.Debug|Any CPU.ActiveCfg = Debug|Any CPU
		{22DCB400-5C9F-4CC8-B95F-08A4D321E8BB}.Debug|Any CPU.Build.0 = Debug|Any CPU
		{22DCB400-5C9F-4CC8-B95F-08A4D321E8BB}.Release|Any CPU.ActiveCfg = Release|Any CPU
		{22DCB400-5C9F-4CC8-B95F-08A4D321E8BB}.Release|Any CPU.Build.0 = Release|Any CPU
	EndGlobalSection
	GlobalSection(SolutionProperties) = preSolution
		HideSolutionNode = FALSE
	EndGlobalSection
	GlobalSection(ExtensibilityGlobals) = postSolution
		SolutionGuid = {A98E3447-3551-42B8-BE3E-98F1AB85DC00}
	EndGlobalSection
EndGlobal
